PODS:
  - RxCocoa (5.0.1):
    - RxRelay (~> 5)
    - RxSwift (~> 5)
  - RxRelay (5.0.1):
    - RxSwift (~> 5)
  - RxSwift (5.0.1)
  - RxSwiftExt (5.2.0):
    - RxSwiftExt/Core (= 5.2.0)
    - RxSwiftExt/RxCocoa (= 5.2.0)
  - RxSwiftExt/Core (5.2.0):
    - RxSwift (~> 5.0)
  - RxSwiftExt/RxCocoa (5.2.0):
    - RxCocoa (~> 5.0)
    - RxSwiftExt/Core
  - Swinject (2.7.1)

DEPENDENCIES:
  - RxSwift
  - RxSwiftExt
  - Swinject

SPEC REPOS:
  https://github.com/CocoaPods/Specs.git:
    - RxCocoa
    - RxRelay
    - RxSwift
    - RxSwiftExt
    - Swinject

SPEC CHECKSUMS:
  RxCocoa: e741b9749968e8a143e2b787f1dfbff2b63d0a5c
  RxRelay: 89d54507f4fd4d969e6ec1d4bd7f3673640b4640
  RxSwift: e2dc62b366a3adf6a0be44ba9f405efd4c94e0c4
  RxSwiftExt: 4ca80336f43c28f11a2825cdd2fc61dd6c044697
  Swinject: ddf78b8486dd9b71a667b852cad919ab4484478e

PODFILE CHECKSUM: f35a72be90730ebf2e82c9534c30d76ff29be953

COCOAPODS: 1.8.4
